dependencies:
  '@grunmouse/cube-bezier': 'link:../../cube-bezier'
  '@grunmouse/math-vector': 'link:../../math-vector'
  '@grunmouse/strings': 'link:../../strings'
lockfileVersion: 5.1
specifiers:
  '@grunmouse/cube-bezier': 'link:..\..\cube-bezier'
  '@grunmouse/math-vector': 'link:..\..\math-vector'
  '@grunmouse/strings': 'link:..\..\strings'
