dependencies:
  '@grunmouse/binary': link:../../binary
  '@grunmouse/cube-bezier': link:../../cube-bezier
  '@grunmouse/math-matrix': link:../../math-matrix
  '@grunmouse/math-vector': link:../../math-vector
  '@grunmouse/multioperator-ariphmetic': link:../../multioperator-ariphmetic
  '@grunmouse/special-map': link:../../special-map
  '@grunmouse/strings': link:../../strings
lockfileVersion: 5.2
specifiers:
  '@grunmouse/binary': link:..\..\binary
  '@grunmouse/cube-bezier': link:..\..\cube-bezier
  '@grunmouse/math-matrix': link:..\..\math-matrix
  '@grunmouse/math-vector': link:..\..\math-vector
  '@grunmouse/multioperator-ariphmetic': link:..\..\multioperator-ariphmetic
  '@grunmouse/special-map': link:..\..\special-map
  '@grunmouse/strings': link:..\..\strings
